{
    "version": 3,
    "terraform_version": "0.11.11",
    "serial": 4,
    "lineage": "abf30f83-8d11-b28e-6313-91d91ca7330b",
    "modules": [
        {
            "path": [
                "root"
            ],
            "outputs": {},
            "resources": {
                "aws_instance.example": {
                    "type": "aws_instance",
                    "depends_on": [],
                    "primary": {
                        "id": "i-0b50e97468ba20cc7",
                        "attributes": {
                            "ami": "ami-03066618d711c711f",
                            "arn": "arn:aws:ec2:eu-west-1:360449466018:instance/i-0b50e97468ba20cc7",
                            "associate_public_ip_address": "true",
                            "availability_zone": "eu-west-1b",
                            "cpu_core_count": "1",
                            "cpu_threads_per_core": "1",
                            "credit_specification.#": "1",
                            "credit_specification.0.cpu_credits": "standard",
                            "disable_api_termination": "false",
                            "ebs_block_device.#": "0",
                            "ebs_optimized": "false",
                            "ephemeral_block_device.#": "0",
                            "get_password_data": "false",
                            "iam_instance_profile": "",
                            "id": "i-0b50e97468ba20cc7",
                            "instance_state": "running",
                            "instance_type": "t2.micro",
                            "ipv6_addresses.#": "0",
                            "key_name": "",
                            "monitoring": "false",
                            "network_interface.#": "0",
                            "network_interface_id": "eni-054f25714a6c9ebf5",
                            "password_data": "",
                            "placement_group": "",
                            "primary_network_interface_id": "eni-054f25714a6c9ebf5",
                            "private_dns": "ip-172-31-23-96.eu-west-1.compute.internal",
                            "private_ip": "172.31.23.96",
                            "public_dns": "ec2-34-242-61-86.eu-west-1.compute.amazonaws.com",
                            "public_ip": "34.242.61.86",
                            "root_block_device.#": "1",
                            "root_block_device.0.delete_on_termination": "true",
                            "root_block_device.0.iops": "100",
                            "root_block_device.0.volume_id": "vol-0806ee9e34c709a2f",
                            "root_block_device.0.volume_size": "8",
                            "root_block_device.0.volume_type": "gp2",
                            "security_groups.#": "1",
                            "security_groups.3814588639": "default",
                            "source_dest_check": "true",
                            "subnet_id": "subnet-0a2e5a42",
                            "tags.%": "0",
                            "tenancy": "default",
                            "volume_tags.%": "0",
                            "vpc_security_group_ids.#": "1",
                            "vpc_security_group_ids.2851146483": "sg-6665a917"
                        },
                        "meta": {
                            "e2bfb730-ecaa-11e6-8f88-34363bc7c4c0": {
                                "create": 600000000000,
                                "delete": 1200000000000,
                                "update": 600000000000
                            },
                            "schema_version": "1"
                        },
                        "tainted": false
                    },
                    "deposed": [],
                    "provider": "provider.aws"
                }
            },
            "depends_on": []
        }
    ]
}
