{
    "version": 3,
    "terraform_version": "0.11.11",
    "serial": 3,
    "lineage": "860fc5fd-dfa6-a510-70be-6fee2a81d283",
    "modules": [
        {
            "path": [
                "root"
            ],
            "outputs": {},
            "resources": {
                "aws_eip.nat": {
                    "type": "aws_eip",
                    "depends_on": [],
                    "primary": {
                        "id": "eipalloc-0462cbfd8c6720387",
                        "attributes": {
                            "association_id": "",
                            "domain": "vpc",
                            "id": "eipalloc-0462cbfd8c6720387",
                            "instance": "",
                            "network_interface": "",
                            "private_ip": "",
                            "public_ip": "52.49.201.24",
                            "public_ipv4_pool": "amazon",
                            "tags.%": "0",
                            "vpc": "true"
                        },
                        "meta": {
                            "e2bfb730-ecaa-11e6-8f88-34363bc7c4c0": {
                                "delete": 180000000000,
                                "read": 900000000000,
                                "update": 300000000000
                            }
                        },
                        "tainted": false
                    },
                    "deposed": [],
                    "provider": "provider.aws"
                },
                "aws_internet_gateway.main-gw": {
                    "type": "aws_internet_gateway",
                    "depends_on": [
                        "aws_vpc.main"
                    ],
                    "primary": {
                        "id": "igw-00fb4f5955591d5ed",
                        "attributes": {
                            "id": "igw-00fb4f5955591d5ed",
                            "owner_id": "360449466018",
                            "tags.%": "1",
                            "tags.Name": "main",
                            "vpc_id": "vpc-0fa7ec5ea5cb0df47"
                        },
                        "meta": {},
                        "tainted": false
                    },
                    "deposed": [],
                    "provider": "provider.aws"
                },
                "aws_nat_gateway.nat-gw": {
                    "type": "aws_nat_gateway",
                    "depends_on": [
                        "aws_eip.nat",
                        "aws_internet_gateway.main-gw",
                        "aws_subnet.main-public-1"
                    ],
                    "primary": {
                        "id": "nat-06d9551b47d5d34e0",
                        "attributes": {
                            "allocation_id": "eipalloc-0462cbfd8c6720387",
                            "id": "nat-06d9551b47d5d34e0",
                            "network_interface_id": "eni-00cdf41071ecf4613",
                            "private_ip": "10.0.1.68",
                            "public_ip": "52.49.201.24",
                            "subnet_id": "subnet-076f933263b6772b0",
                            "tags.%": "0"
                        },
                        "meta": {},
                        "tainted": false
                    },
                    "deposed": [],
                    "provider": "provider.aws"
                },
                "aws_route_table.main-private": {
                    "type": "aws_route_table",
                    "depends_on": [
                        "aws_nat_gateway.nat-gw",
                        "aws_vpc.main"
                    ],
                    "primary": {
                        "id": "rtb-0d8af0e3c205a687e",
                        "attributes": {
                            "id": "rtb-0d8af0e3c205a687e",
                            "owner_id": "360449466018",
                            "propagating_vgws.#": "0",
                            "route.#": "1",
                            "route.2740438865.cidr_block": "0.0.0.0/0",
                            "route.2740438865.egress_only_gateway_id": "",
                            "route.2740438865.gateway_id": "",
                            "route.2740438865.instance_id": "",
                            "route.2740438865.ipv6_cidr_block": "",
                            "route.2740438865.nat_gateway_id": "nat-06d9551b47d5d34e0",
                            "route.2740438865.network_interface_id": "",
                            "route.2740438865.transit_gateway_id": "",
                            "route.2740438865.vpc_peering_connection_id": "",
                            "tags.%": "1",
                            "tags.Name": "main-private-1",
                            "vpc_id": "vpc-0fa7ec5ea5cb0df47"
                        },
                        "meta": {},
                        "tainted": false
                    },
                    "deposed": [],
                    "provider": "provider.aws"
                },
                "aws_route_table.main-public": {
                    "type": "aws_route_table",
                    "depends_on": [
                        "aws_internet_gateway.main-gw",
                        "aws_vpc.main"
                    ],
                    "primary": {
                        "id": "rtb-082b777af7c150b4c",
                        "attributes": {
                            "id": "rtb-082b777af7c150b4c",
                            "owner_id": "360449466018",
                            "propagating_vgws.#": "0",
                            "route.#": "1",
                            "route.1824204541.cidr_block": "0.0.0.0/0",
                            "route.1824204541.egress_only_gateway_id": "",
                            "route.1824204541.gateway_id": "igw-00fb4f5955591d5ed",
                            "route.1824204541.instance_id": "",
                            "route.1824204541.ipv6_cidr_block": "",
                            "route.1824204541.nat_gateway_id": "",
                            "route.1824204541.network_interface_id": "",
                            "route.1824204541.transit_gateway_id": "",
                            "route.1824204541.vpc_peering_connection_id": "",
                            "tags.%": "1",
                            "tags.Name": "main-public-1",
                            "vpc_id": "vpc-0fa7ec5ea5cb0df47"
                        },
                        "meta": {},
                        "tainted": false
                    },
                    "deposed": [],
                    "provider": "provider.aws"
                },
                "aws_route_table_association.main-private-1-a": {
                    "type": "aws_route_table_association",
                    "depends_on": [
                        "aws_route_table.main-private",
                        "aws_subnet.main-private-1"
                    ],
                    "primary": {
                        "id": "rtbassoc-0bc2636a8c688635f",
                        "attributes": {
                            "id": "rtbassoc-0bc2636a8c688635f",
                            "route_table_id": "rtb-0d8af0e3c205a687e",
                            "subnet_id": "subnet-0b317cfff5f021cee"
                        },
                        "meta": {},
                        "tainted": false
                    },
                    "deposed": [],
                    "provider": "provider.aws"
                },
                "aws_route_table_association.main-private-2-a": {
                    "type": "aws_route_table_association",
                    "depends_on": [
                        "aws_route_table.main-private",
                        "aws_subnet.main-private-2"
                    ],
                    "primary": {
                        "id": "rtbassoc-004cbc8601a66e975",
                        "attributes": {
                            "id": "rtbassoc-004cbc8601a66e975",
                            "route_table_id": "rtb-0d8af0e3c205a687e",
                            "subnet_id": "subnet-03c68d0feb19b1c76"
                        },
                        "meta": {},
                        "tainted": false
                    },
                    "deposed": [],
                    "provider": "provider.aws"
                },
                "aws_route_table_association.main-private-3-a": {
                    "type": "aws_route_table_association",
                    "depends_on": [
                        "aws_route_table.main-private",
                        "aws_subnet.main-private-3"
                    ],
                    "primary": {
                        "id": "rtbassoc-03bae5812a1a2f7d9",
                        "attributes": {
                            "id": "rtbassoc-03bae5812a1a2f7d9",
                            "route_table_id": "rtb-0d8af0e3c205a687e",
                            "subnet_id": "subnet-0af24efe8930c8fa9"
                        },
                        "meta": {},
                        "tainted": false
                    },
                    "deposed": [],
                    "provider": "provider.aws"
                },
                "aws_route_table_association.main-public-1-a": {
                    "type": "aws_route_table_association",
                    "depends_on": [
                        "aws_route_table.main-public",
                        "aws_subnet.main-public-1"
                    ],
                    "primary": {
                        "id": "rtbassoc-0e1388be6d7f79719",
                        "attributes": {
                            "id": "rtbassoc-0e1388be6d7f79719",
                            "route_table_id": "rtb-082b777af7c150b4c",
                            "subnet_id": "subnet-076f933263b6772b0"
                        },
                        "meta": {},
                        "tainted": false
                    },
                    "deposed": [],
                    "provider": "provider.aws"
                },
                "aws_route_table_association.main-public-2-a": {
                    "type": "aws_route_table_association",
                    "depends_on": [
                        "aws_route_table.main-public",
                        "aws_subnet.main-public-2"
                    ],
                    "primary": {
                        "id": "rtbassoc-09ab1a64b3086a7af",
                        "attributes": {
                            "id": "rtbassoc-09ab1a64b3086a7af",
                            "route_table_id": "rtb-082b777af7c150b4c",
                            "subnet_id": "subnet-085d03f84a2c8402f"
                        },
                        "meta": {},
                        "tainted": false
                    },
                    "deposed": [],
                    "provider": "provider.aws"
                },
                "aws_route_table_association.main-public-3-a": {
                    "type": "aws_route_table_association",
                    "depends_on": [
                        "aws_route_table.main-public",
                        "aws_subnet.main-public-3"
                    ],
                    "primary": {
                        "id": "rtbassoc-0dd68245a055c6328",
                        "attributes": {
                            "id": "rtbassoc-0dd68245a055c6328",
                            "route_table_id": "rtb-082b777af7c150b4c",
                            "subnet_id": "subnet-05c31d2b73145fd1a"
                        },
                        "meta": {},
                        "tainted": false
                    },
                    "deposed": [],
                    "provider": "provider.aws"
                },
                "aws_subnet.main-private-1": {
                    "type": "aws_subnet",
                    "depends_on": [
                        "aws_vpc.main"
                    ],
                    "primary": {
                        "id": "subnet-0b317cfff5f021cee",
                        "attributes": {
                            "arn": "arn:aws:ec2:eu-west-1:360449466018:subnet/subnet-0b317cfff5f021cee",
                            "assign_ipv6_address_on_creation": "false",
                            "availability_zone": "eu-west-1a",
                            "availability_zone_id": "euw1-az1",
                            "cidr_block": "10.0.4.0/24",
                            "id": "subnet-0b317cfff5f021cee",
                            "ipv6_cidr_block": "",
                            "ipv6_cidr_block_association_id": "",
                            "map_public_ip_on_launch": "false",
                            "owner_id": "360449466018",
                            "tags.%": "1",
                            "tags.Name": "main-private-1",
                            "vpc_id": "vpc-0fa7ec5ea5cb0df47"
                        },
                        "meta": {
                            "e2bfb730-ecaa-11e6-8f88-34363bc7c4c0": {
                                "create": 600000000000,
                                "delete": 600000000000
                            },
                            "schema_version": "1"
                        },
                        "tainted": false
                    },
                    "deposed": [],
                    "provider": "provider.aws"
                },
                "aws_subnet.main-private-2": {
                    "type": "aws_subnet",
                    "depends_on": [
                        "aws_vpc.main"
                    ],
                    "primary": {
                        "id": "subnet-03c68d0feb19b1c76",
                        "attributes": {
                            "arn": "arn:aws:ec2:eu-west-1:360449466018:subnet/subnet-03c68d0feb19b1c76",
                            "assign_ipv6_address_on_creation": "false",
                            "availability_zone": "eu-west-1b",
                            "availability_zone_id": "euw1-az2",
                            "cidr_block": "10.0.5.0/24",
                            "id": "subnet-03c68d0feb19b1c76",
                            "ipv6_cidr_block": "",
                            "ipv6_cidr_block_association_id": "",
                            "map_public_ip_on_launch": "false",
                            "owner_id": "360449466018",
                            "tags.%": "1",
                            "tags.Name": "main-private-2",
                            "vpc_id": "vpc-0fa7ec5ea5cb0df47"
                        },
                        "meta": {
                            "e2bfb730-ecaa-11e6-8f88-34363bc7c4c0": {
                                "create": 600000000000,
                                "delete": 600000000000
                            },
                            "schema_version": "1"
                        },
                        "tainted": false
                    },
                    "deposed": [],
                    "provider": "provider.aws"
                },
                "aws_subnet.main-private-3": {
                    "type": "aws_subnet",
                    "depends_on": [
                        "aws_vpc.main"
                    ],
                    "primary": {
                        "id": "subnet-0af24efe8930c8fa9",
                        "attributes": {
                            "arn": "arn:aws:ec2:eu-west-1:360449466018:subnet/subnet-0af24efe8930c8fa9",
                            "assign_ipv6_address_on_creation": "false",
                            "availability_zone": "eu-west-1c",
                            "availability_zone_id": "euw1-az3",
                            "cidr_block": "10.0.6.0/24",
                            "id": "subnet-0af24efe8930c8fa9",
                            "ipv6_cidr_block": "",
                            "ipv6_cidr_block_association_id": "",
                            "map_public_ip_on_launch": "false",
                            "owner_id": "360449466018",
                            "tags.%": "1",
                            "tags.Name": "main-private-3",
                            "vpc_id": "vpc-0fa7ec5ea5cb0df47"
                        },
                        "meta": {
                            "e2bfb730-ecaa-11e6-8f88-34363bc7c4c0": {
                                "create": 600000000000,
                                "delete": 600000000000
                            },
                            "schema_version": "1"
                        },
                        "tainted": false
                    },
                    "deposed": [],
                    "provider": "provider.aws"
                },
                "aws_subnet.main-public-1": {
                    "type": "aws_subnet",
                    "depends_on": [
                        "aws_vpc.main"
                    ],
                    "primary": {
                        "id": "subnet-076f933263b6772b0",
                        "attributes": {
                            "arn": "arn:aws:ec2:eu-west-1:360449466018:subnet/subnet-076f933263b6772b0",
                            "assign_ipv6_address_on_creation": "false",
                            "availability_zone": "eu-west-1a",
                            "availability_zone_id": "euw1-az1",
                            "cidr_block": "10.0.1.0/24",
                            "id": "subnet-076f933263b6772b0",
                            "ipv6_cidr_block": "",
                            "ipv6_cidr_block_association_id": "",
                            "map_public_ip_on_launch": "true",
                            "owner_id": "360449466018",
                            "tags.%": "1",
                            "tags.Name": "main-public-1",
                            "vpc_id": "vpc-0fa7ec5ea5cb0df47"
                        },
                        "meta": {
                            "e2bfb730-ecaa-11e6-8f88-34363bc7c4c0": {
                                "create": 600000000000,
                                "delete": 600000000000
                            },
                            "schema_version": "1"
                        },
                        "tainted": false
                    },
                    "deposed": [],
                    "provider": "provider.aws"
                },
                "aws_subnet.main-public-2": {
                    "type": "aws_subnet",
                    "depends_on": [
                        "aws_vpc.main"
                    ],
                    "primary": {
                        "id": "subnet-085d03f84a2c8402f",
                        "attributes": {
                            "arn": "arn:aws:ec2:eu-west-1:360449466018:subnet/subnet-085d03f84a2c8402f",
                            "assign_ipv6_address_on_creation": "false",
                            "availability_zone": "eu-west-1b",
                            "availability_zone_id": "euw1-az2",
                            "cidr_block": "10.0.2.0/24",
                            "id": "subnet-085d03f84a2c8402f",
                            "ipv6_cidr_block": "",
                            "ipv6_cidr_block_association_id": "",
                            "map_public_ip_on_launch": "true",
                            "owner_id": "360449466018",
                            "tags.%": "1",
                            "tags.Name": "main-public-2",
                            "vpc_id": "vpc-0fa7ec5ea5cb0df47"
                        },
                        "meta": {
                            "e2bfb730-ecaa-11e6-8f88-34363bc7c4c0": {
                                "create": 600000000000,
                                "delete": 600000000000
                            },
                            "schema_version": "1"
                        },
                        "tainted": false
                    },
                    "deposed": [],
                    "provider": "provider.aws"
                },
                "aws_subnet.main-public-3": {
                    "type": "aws_subnet",
                    "depends_on": [
                        "aws_vpc.main"
                    ],
                    "primary": {
                        "id": "subnet-05c31d2b73145fd1a",
                        "attributes": {
                            "arn": "arn:aws:ec2:eu-west-1:360449466018:subnet/subnet-05c31d2b73145fd1a",
                            "assign_ipv6_address_on_creation": "false",
                            "availability_zone": "eu-west-1c",
                            "availability_zone_id": "euw1-az3",
                            "cidr_block": "10.0.3.0/24",
                            "id": "subnet-05c31d2b73145fd1a",
                            "ipv6_cidr_block": "",
                            "ipv6_cidr_block_association_id": "",
                            "map_public_ip_on_launch": "true",
                            "owner_id": "360449466018",
                            "tags.%": "1",
                            "tags.Name": "main-public-3",
                            "vpc_id": "vpc-0fa7ec5ea5cb0df47"
                        },
                        "meta": {
                            "e2bfb730-ecaa-11e6-8f88-34363bc7c4c0": {
                                "create": 600000000000,
                                "delete": 600000000000
                            },
                            "schema_version": "1"
                        },
                        "tainted": false
                    },
                    "deposed": [],
                    "provider": "provider.aws"
                },
                "aws_vpc.main": {
                    "type": "aws_vpc",
                    "depends_on": [],
                    "primary": {
                        "id": "vpc-0fa7ec5ea5cb0df47",
                        "attributes": {
                            "arn": "arn:aws:ec2:eu-west-1:360449466018:vpc/vpc-0fa7ec5ea5cb0df47",
                            "assign_generated_ipv6_cidr_block": "false",
                            "cidr_block": "10.0.0.0/16",
                            "default_network_acl_id": "acl-0560aa33ec9ef35c5",
                            "default_route_table_id": "rtb-031da591b2ad5602e",
                            "default_security_group_id": "sg-0243c49671740bdb9",
                            "dhcp_options_id": "dopt-51d84237",
                            "enable_classiclink": "false",
                            "enable_classiclink_dns_support": "false",
                            "enable_dns_hostnames": "true",
                            "enable_dns_support": "true",
                            "id": "vpc-0fa7ec5ea5cb0df47",
                            "instance_tenancy": "default",
                            "ipv6_association_id": "",
                            "ipv6_cidr_block": "",
                            "main_route_table_id": "rtb-031da591b2ad5602e",
                            "owner_id": "360449466018",
                            "tags.%": "1",
                            "tags.Name": "main"
                        },
                        "meta": {
                            "schema_version": "1"
                        },
                        "tainted": false
                    },
                    "deposed": [],
                    "provider": "provider.aws"
                }
            },
            "depends_on": []
        }
    ]
}
